
Microsoft Visual Studio Solution File, Format Version 12.00
# Visual Studio Version 16
VisualStudioVersion = 16.0.31613.86
MinimumVisualStudioVersion = 10.0.40219.1
Project("{FAE04EC0-301F-11D3-BF4B-00C04F79EFBC}") = "CryptoTradingML", "CryptoTradingML\CryptoTradingML.csproj", "{1572C666-A99D-46F6-951B-89395CB99FA8}"
EndProject
Global
	GlobalSection(SolutionConfigurationPlatforms) = preSolution
		Debug|Any CPU = Debug|Any CPU
		Release|Any CPU = Release|Any CPU
	EndGlobalSection
	GlobalSection(ProjectConfigurationPlatforms) = postSolution
		{1572C666-A99D-46F6-951B-89395CB99FA8}.Debug|Any CPU.ActiveCfg = Debug|Any CPU
		{1572C666-A99D-46F6-951B-89395CB99FA8}.Debug|Any CPU.Build.0 = Debug|Any CPU
		{1572C666-A99D-46F6-951B-89395CB99FA8}.Release|Any CPU.ActiveCfg = Release|Any CPU
		{1572C666-A99D-46F6-951B-89395CB99FA8}.Release|Any CPU.Build.0 = Release|Any CPU
	EndGlobalSection
	GlobalSection(SolutionProperties) = preSolution
		HideSolutionNode = FALSE
	EndGlobalSection
	GlobalSection(ExtensibilityGlobals) = postSolution
		SolutionGuid = {395AE6F2-DA44-4241-A895-F10974089E08}
	EndGlobalSection
EndGlobal
